// !$*UTF8*$!
{
	archiveVersion = 1;
	classes = {
	};
	objectVersion = 56;
	objects = {

/* Begin PBXBuildFile section */
		1450FE1D2AE2EC76009BE3EC /* UserModel.swift in Sources */ = {isa = PBXBuildFile; fileRef = 1450FE1C2AE2EC76009BE3EC /* UserModel.swift */; };
		1450FE1F2AE2EC91009BE3EC /* GroupModel.swift in Sources */ = {isa = PBXBuildFile; fileRef = 1450FE1E2AE2EC91009BE3EC /* GroupModel.swift */; };
		5FD5BBB82AFD59A900B8C76F /* SwiftUICharts in Frameworks */ = {isa = PBXBuildFile; productRef = 5FD5BBB72AFD59A900B8C76F /* SwiftUICharts */; };
		5FD5BBBA2AFD5A0B00B8C76F /* ExpenseModel.swift in Sources */ = {isa = PBXBuildFile; fileRef = 5FD5BBB92AFD5A0B00B8C76F /* ExpenseModel.swift */; };
		5FD5BBBC2AFEE7DE00B8C76F /* FriendshipModel.swift in Sources */ = {isa = PBXBuildFile; fileRef = 5FD5BBBB2AFEE7DE00B8C76F /* FriendshipModel.swift */; };
		6CBCD5222ADF231400F431AA /* Debt_CollectorApp.swift in Sources */ = {isa = PBXBuildFile; fileRef = 6CBCD5212ADF231400F431AA /* Debt_CollectorApp.swift */; };
		6CBCD5262ADF231600F431AA /* Assets.xcassets in Resources */ = {isa = PBXBuildFile; fileRef = 6CBCD5252ADF231600F431AA /* Assets.xcassets */; };
		6CBCD5292ADF231600F431AA /* Preview Assets.xcassets in Resources */ = {isa = PBXBuildFile; fileRef = 6CBCD5282ADF231600F431AA /* Preview Assets.xcassets */; };
		6CBCD54C2ADF23A200F431AA /* GoogleService-Info.plist in Resources */ = {isa = PBXBuildFile; fileRef = 6CBCD54B2ADF23A200F431AA /* GoogleService-Info.plist */; };
		6CC0F1EE2AE0552300627704 /* ContentView.swift in Sources */ = {isa = PBXBuildFile; fileRef = 6CC0F1EB2AE0552300627704 /* ContentView.swift */; };
		6CC0F1EF2AE0552300627704 /* SignUpView.swift in Sources */ = {isa = PBXBuildFile; fileRef = 6CC0F1EC2AE0552300627704 /* SignUpView.swift */; };
		6CC0F1F02AE0552300627704 /* LoginView.swift in Sources */ = {isa = PBXBuildFile; fileRef = 6CC0F1ED2AE0552300627704 /* LoginView.swift */; };
		6CC0F1F32AE0553000627704 /* InputView.swift in Sources */ = {isa = PBXBuildFile; fileRef = 6CC0F1F22AE0553000627704 /* InputView.swift */; };
		6CC0F1F82AE056B900627704 /* AuthViewModel.swift in Sources */ = {isa = PBXBuildFile; fileRef = 6CC0F1F72AE056B900627704 /* AuthViewModel.swift */; };
		6CC0F1FB2AE05A1E00627704 /* LandingView.swift in Sources */ = {isa = PBXBuildFile; fileRef = 6CC0F1FA2AE05A1E00627704 /* LandingView.swift */; };
		6CC0F1FD2AE05AB100627704 /* FirebaseAnalytics in Frameworks */ = {isa = PBXBuildFile; productRef = 6CC0F1FC2AE05AB100627704 /* FirebaseAnalytics */; };
		6CC0F1FF2AE05AB100627704 /* FirebaseAnalyticsOnDeviceConversion in Frameworks */ = {isa = PBXBuildFile; productRef = 6CC0F1FE2AE05AB100627704 /* FirebaseAnalyticsOnDeviceConversion */; };
		6CC0F2012AE05AB100627704 /* FirebaseAnalyticsSwift in Frameworks */ = {isa = PBXBuildFile; productRef = 6CC0F2002AE05AB100627704 /* FirebaseAnalyticsSwift */; };
		6CC0F2032AE05AB100627704 /* FirebaseAnalyticsWithoutAdIdSupport in Frameworks */ = {isa = PBXBuildFile; productRef = 6CC0F2022AE05AB100627704 /* FirebaseAnalyticsWithoutAdIdSupport */; };
		6CC0F2052AE05AB100627704 /* FirebaseAppCheck in Frameworks */ = {isa = PBXBuildFile; productRef = 6CC0F2042AE05AB100627704 /* FirebaseAppCheck */; };
		6CC0F2072AE05C2C00627704 /* FirebaseAuth in Frameworks */ = {isa = PBXBuildFile; productRef = 6CC0F2062AE05C2C00627704 /* FirebaseAuth */; };
		6CC0F2092AE05C2C00627704 /* FirebaseFirestore in Frameworks */ = {isa = PBXBuildFile; productRef = 6CC0F2082AE05C2C00627704 /* FirebaseFirestore */; };
		6CC0F20B2AE05C9D00627704 /* FirebaseFirestoreSwift in Frameworks */ = {isa = PBXBuildFile; productRef = 6CC0F20A2AE05C9D00627704 /* FirebaseFirestoreSwift */; };
		8E9F60192AE62DA40063227A /* SwiftUIShared.swift in Sources */ = {isa = PBXBuildFile; fileRef = 8E9F60182AE62DA40063227A /* SwiftUIShared.swift */; };
		8EAD53C42AF6865900B63851 /* GroupManager.swift in Sources */ = {isa = PBXBuildFile; fileRef = 8EAD53C32AF6865900B63851 /* GroupManager.swift */; };
		8EAD53C62AF68E1100B63851 /* UserManager.swift in Sources */ = {isa = PBXBuildFile; fileRef = 8EAD53C52AF68E1100B63851 /* UserManager.swift */; };
		8EADEEBC2AE6D0A40030E888 /* CustomGoogleSignInButton.swift in Sources */ = {isa = PBXBuildFile; fileRef = 8EADEEBB2AE6D0A40030E888 /* CustomGoogleSignInButton.swift */; };
		8EADFD9F2AF96FD800996F29 /* CurrenciesHelper.swift in Sources */ = {isa = PBXBuildFile; fileRef = 8EADFD9E2AF96FD800996F29 /* CurrenciesHelper.swift */; };
		8EAFD8712AE4E2C50031564A /* GoogleSignIn in Frameworks */ = {isa = PBXBuildFile; productRef = 8EAFD8702AE4E2C50031564A /* GoogleSignIn */; };
		8EAFD8732AE4E2C50031564A /* GoogleSignInSwift in Frameworks */ = {isa = PBXBuildFile; productRef = 8EAFD8722AE4E2C50031564A /* GoogleSignInSwift */; };
		8EB589F82AE88118005F112B /* SecureInputView.swift in Sources */ = {isa = PBXBuildFile; fileRef = 8EB589F72AE88118005F112B /* SecureInputView.swift */; };
		8EC66CB42B01BAD800024520 /* GroupDetail.swift in Sources */ = {isa = PBXBuildFile; fileRef = 8EC66CB32B01BAD800024520 /* GroupDetail.swift */; };
		8ED068BA2AF8538600991071 /* NewGroupView.swift in Sources */ = {isa = PBXBuildFile; fileRef = 8ED068B92AF8538600991071 /* NewGroupView.swift */; };
		C44F23362AF96F5A00BC0976 /* ProfileView.swift in Sources */ = {isa = PBXBuildFile; fileRef = C44F23352AF96F5A00BC0976 /* ProfileView.swift */; };
		C4522BB22B124C1900C4CE6B /* NewGroupMemberView.swift in Sources */ = {isa = PBXBuildFile; fileRef = C4522BB12B124C1900C4CE6B /* NewGroupMemberView.swift */; };
		C47A3D782B12B9B400E8225A /* MultiSelectionView.swift in Sources */ = {isa = PBXBuildFile; fileRef = C47A3D772B12B9B400E8225A /* MultiSelectionView.swift */; };
		C47A3D7A2B12B9C200E8225A /* MultiSelector.swift in Sources */ = {isa = PBXBuildFile; fileRef = C47A3D792B12B9C200E8225A /* MultiSelector.swift */; };
		C47A3D7C2B12B9FF00E8225A /* ExpenseManager.swift in Sources */ = {isa = PBXBuildFile; fileRef = C47A3D7B2B12B9FF00E8225A /* ExpenseManager.swift */; };
		C4960F252B15389E00002155 /* GroupViewModel.swift in Sources */ = {isa = PBXBuildFile; fileRef = C4960F242B15389E00002155 /* GroupViewModel.swift */; };
		C4960F272B15399C00002155 /* ExpenseViewModel.swift in Sources */ = {isa = PBXBuildFile; fileRef = C4960F262B15399C00002155 /* ExpenseViewModel.swift */; };
		C4960F292B1539EB00002155 /* GroupMember.swift in Sources */ = {isa = PBXBuildFile; fileRef = C4960F282B1539EB00002155 /* GroupMember.swift */; };
		C4BCA6562B13A236003D4F42 /* UserViewModel.swift in Sources */ = {isa = PBXBuildFile; fileRef = C4BCA6552B13A236003D4F42 /* UserViewModel.swift */; };
		C4CD80C12AE1B17800A79570 /* FriendsView.swift in Sources */ = {isa = PBXBuildFile; fileRef = C4CD80C02AE1B17800A79570 /* FriendsView.swift */; };
		C4CD80C32AE1B25300A79570 /* AddExpenseView.swift in Sources */ = {isa = PBXBuildFile; fileRef = C4CD80C22AE1B25300A79570 /* AddExpenseView.swift */; };
		C4CD80C52AE1B2AC00A79570 /* ChartsView.swift in Sources */ = {isa = PBXBuildFile; fileRef = C4CD80C42AE1B2AB00A79570 /* ChartsView.swift */; };
		C4CD80C72AE1B2EB00A79570 /* GroupsView.swift in Sources */ = {isa = PBXBuildFile; fileRef = C4CD80C62AE1B2EB00A79570 /* GroupsView.swift */; };
		C4CD80C92AE1B32700A79570 /* SettingView.swift in Sources */ = {isa = PBXBuildFile; fileRef = C4CD80C82AE1B32700A79570 /* SettingView.swift */; };
/* End PBXBuildFile section */

/* Begin PBXFileReference section */
		1450FE1C2AE2EC76009BE3EC /* UserModel.swift */ = {isa = PBXFileReference; lastKnownFileType = sourcecode.swift; path = UserModel.swift; sourceTree = "<group>"; };
		1450FE1E2AE2EC91009BE3EC /* GroupModel.swift */ = {isa = PBXFileReference; lastKnownFileType = sourcecode.swift; path = GroupModel.swift; sourceTree = "<group>"; };
		5FD5BBB92AFD5A0B00B8C76F /* ExpenseModel.swift */ = {isa = PBXFileReference; lastKnownFileType = sourcecode.swift; path = ExpenseModel.swift; sourceTree = "<group>"; };
		5FD5BBBB2AFEE7DE00B8C76F /* FriendshipModel.swift */ = {isa = PBXFileReference; lastKnownFileType = sourcecode.swift; path = FriendshipModel.swift; sourceTree = "<group>"; };
		6CBCD51E2ADF231400F431AA /* Debt-Collector.app */ = {isa = PBXFileReference; explicitFileType = wrapper.application; includeInIndex = 0; path = "Debt-Collector.app"; sourceTree = BUILT_PRODUCTS_DIR; };
		6CBCD5212ADF231400F431AA /* Debt_CollectorApp.swift */ = {isa = PBXFileReference; lastKnownFileType = sourcecode.swift; path = Debt_CollectorApp.swift; sourceTree = "<group>"; };
		6CBCD5252ADF231600F431AA /* Assets.xcassets */ = {isa = PBXFileReference; lastKnownFileType = folder.assetcatalog; path = Assets.xcassets; sourceTree = "<group>"; };
		6CBCD5282ADF231600F431AA /* Preview Assets.xcassets */ = {isa = PBXFileReference; lastKnownFileType = folder.assetcatalog; path = "Preview Assets.xcassets"; sourceTree = "<group>"; };
		6CBCD54B2ADF23A200F431AA /* GoogleService-Info.plist */ = {isa = PBXFileReference; fileEncoding = 4; lastKnownFileType = text.plist.xml; path = "GoogleService-Info.plist"; sourceTree = "<group>"; };
		6CC0F1EB2AE0552300627704 /* ContentView.swift */ = {isa = PBXFileReference; fileEncoding = 4; lastKnownFileType = sourcecode.swift; path = ContentView.swift; sourceTree = "<group>"; };
		6CC0F1EC2AE0552300627704 /* SignUpView.swift */ = {isa = PBXFileReference; fileEncoding = 4; lastKnownFileType = sourcecode.swift; path = SignUpView.swift; sourceTree = "<group>"; };
		6CC0F1ED2AE0552300627704 /* LoginView.swift */ = {isa = PBXFileReference; fileEncoding = 4; lastKnownFileType = sourcecode.swift; path = LoginView.swift; sourceTree = "<group>"; };
		6CC0F1F22AE0553000627704 /* InputView.swift */ = {isa = PBXFileReference; fileEncoding = 4; lastKnownFileType = sourcecode.swift; path = InputView.swift; sourceTree = "<group>"; };
		6CC0F1F72AE056B900627704 /* AuthViewModel.swift */ = {isa = PBXFileReference; lastKnownFileType = sourcecode.swift; path = AuthViewModel.swift; sourceTree = "<group>"; };
		6CC0F1FA2AE05A1E00627704 /* LandingView.swift */ = {isa = PBXFileReference; lastKnownFileType = sourcecode.swift; path = LandingView.swift; sourceTree = "<group>"; };
		8E9F60182AE62DA40063227A /* SwiftUIShared.swift */ = {isa = PBXFileReference; lastKnownFileType = sourcecode.swift; path = SwiftUIShared.swift; sourceTree = "<group>"; };
		8EAD53C32AF6865900B63851 /* GroupManager.swift */ = {isa = PBXFileReference; lastKnownFileType = sourcecode.swift; path = GroupManager.swift; sourceTree = "<group>"; };
		8EAD53C52AF68E1100B63851 /* UserManager.swift */ = {isa = PBXFileReference; lastKnownFileType = sourcecode.swift; path = UserManager.swift; sourceTree = "<group>"; };
		8EADEEBB2AE6D0A40030E888 /* CustomGoogleSignInButton.swift */ = {isa = PBXFileReference; lastKnownFileType = sourcecode.swift; path = CustomGoogleSignInButton.swift; sourceTree = "<group>"; };
		8EADFD9E2AF96FD800996F29 /* CurrenciesHelper.swift */ = {isa = PBXFileReference; lastKnownFileType = sourcecode.swift; path = CurrenciesHelper.swift; sourceTree = "<group>"; };
		8EAFC1C42AE55EB9003A5CBF /* Info.plist */ = {isa = PBXFileReference; lastKnownFileType = text.plist.xml; path = Info.plist; sourceTree = "<group>"; };
		8EB589F72AE88118005F112B /* SecureInputView.swift */ = {isa = PBXFileReference; lastKnownFileType = sourcecode.swift; path = SecureInputView.swift; sourceTree = "<group>"; };
		8EC66CB32B01BAD800024520 /* GroupDetail.swift */ = {isa = PBXFileReference; fileEncoding = 4; lastKnownFileType = sourcecode.swift; path = GroupDetail.swift; sourceTree = "<group>"; };
		8ED068B92AF8538600991071 /* NewGroupView.swift */ = {isa = PBXFileReference; lastKnownFileType = sourcecode.swift; path = NewGroupView.swift; sourceTree = "<group>"; };
		C44F23352AF96F5A00BC0976 /* ProfileView.swift */ = {isa = PBXFileReference; lastKnownFileType = sourcecode.swift; path = ProfileView.swift; sourceTree = "<group>"; };
		C4522BB12B124C1900C4CE6B /* NewGroupMemberView.swift */ = {isa = PBXFileReference; lastKnownFileType = sourcecode.swift; path = NewGroupMemberView.swift; sourceTree = "<group>"; };
		C47A3D772B12B9B400E8225A /* MultiSelectionView.swift */ = {isa = PBXFileReference; fileEncoding = 4; lastKnownFileType = sourcecode.swift; path = MultiSelectionView.swift; sourceTree = "<group>"; };
		C47A3D792B12B9C200E8225A /* MultiSelector.swift */ = {isa = PBXFileReference; fileEncoding = 4; lastKnownFileType = sourcecode.swift; path = MultiSelector.swift; sourceTree = "<group>"; };
		C47A3D7B2B12B9FF00E8225A /* ExpenseManager.swift */ = {isa = PBXFileReference; fileEncoding = 4; lastKnownFileType = sourcecode.swift; path = ExpenseManager.swift; sourceTree = "<group>"; };
		C4960F242B15389E00002155 /* GroupViewModel.swift */ = {isa = PBXFileReference; lastKnownFileType = sourcecode.swift; path = GroupViewModel.swift; sourceTree = "<group>"; };
		C4960F262B15399C00002155 /* ExpenseViewModel.swift */ = {isa = PBXFileReference; lastKnownFileType = sourcecode.swift; path = ExpenseViewModel.swift; sourceTree = "<group>"; };
		C4960F282B1539EB00002155 /* GroupMember.swift */ = {isa = PBXFileReference; lastKnownFileType = sourcecode.swift; path = GroupMember.swift; sourceTree = "<group>"; };
		C4BCA6552B13A236003D4F42 /* UserViewModel.swift */ = {isa = PBXFileReference; lastKnownFileType = sourcecode.swift; path = UserViewModel.swift; sourceTree = "<group>"; };
		C4CD80C02AE1B17800A79570 /* FriendsView.swift */ = {isa = PBXFileReference; lastKnownFileType = sourcecode.swift; path = FriendsView.swift; sourceTree = "<group>"; };
		C4CD80C22AE1B25300A79570 /* AddExpenseView.swift */ = {isa = PBXFileReference; lastKnownFileType = sourcecode.swift; path = AddExpenseView.swift; sourceTree = "<group>"; };
		C4CD80C42AE1B2AB00A79570 /* ChartsView.swift */ = {isa = PBXFileReference; lastKnownFileType = sourcecode.swift; path = ChartsView.swift; sourceTree = "<group>"; };
		C4CD80C62AE1B2EB00A79570 /* GroupsView.swift */ = {isa = PBXFileReference; lastKnownFileType = sourcecode.swift; path = GroupsView.swift; sourceTree = "<group>"; };
		C4CD80C82AE1B32700A79570 /* SettingView.swift */ = {isa = PBXFileReference; lastKnownFileType = sourcecode.swift; path = SettingView.swift; sourceTree = "<group>"; };
/* End PBXFileReference section */

/* Begin PBXFrameworksBuildPhase section */
		6CBCD51B2ADF231400F431AA /* Frameworks */ = {
			isa = PBXFrameworksBuildPhase;
			buildActionMask = 2147483647;
			files = (
				6CC0F2012AE05AB100627704 /* FirebaseAnalyticsSwift in Frameworks */,
				6CC0F2072AE05C2C00627704 /* FirebaseAuth in Frameworks */,
				6CC0F1FD2AE05AB100627704 /* FirebaseAnalytics in Frameworks */,
				6CC0F1FF2AE05AB100627704 /* FirebaseAnalyticsOnDeviceConversion in Frameworks */,
				6CC0F2052AE05AB100627704 /* FirebaseAppCheck in Frameworks */,
				8EAFD8732AE4E2C50031564A /* GoogleSignInSwift in Frameworks */,
				6CC0F2032AE05AB100627704 /* FirebaseAnalyticsWithoutAdIdSupport in Frameworks */,
				5FD5BBB82AFD59A900B8C76F /* SwiftUICharts in Frameworks */,
				6CC0F2092AE05C2C00627704 /* FirebaseFirestore in Frameworks */,
				6CC0F20B2AE05C9D00627704 /* FirebaseFirestoreSwift in Frameworks */,
				8EAFD8712AE4E2C50031564A /* GoogleSignIn in Frameworks */,
			);
			runOnlyForDeploymentPostprocessing = 0;
		};
/* End PBXFrameworksBuildPhase section */

/* Begin PBXGroup section */
		6CBCD5152ADF231400F431AA = {
			isa = PBXGroup;
			children = (
				6CBCD5202ADF231400F431AA /* Debt-Collector */,
				6CBCD51F2ADF231400F431AA /* Products */,
			);
			sourceTree = "<group>";
		};
		6CBCD51F2ADF231400F431AA /* Products */ = {
			isa = PBXGroup;
			children = (
				6CBCD51E2ADF231400F431AA /* Debt-Collector.app */,
			);
			name = Products;
			sourceTree = "<group>";
		};
		6CBCD5202ADF231400F431AA /* Debt-Collector */ = {
			isa = PBXGroup;
			children = (
				8EAD53C22AF685BF00B63851 /* Firestore */,
				8EB2BB742AEC2E1600E8A18B /* Models */,
				8E9F60172AE62D7D0063227A /* Shared */,
				8EAFC1C42AE55EB9003A5CBF /* Info.plist */,
				6CC0F1F42AE0567A00627704 /* ViewModel */,
				6CC0F1F12AE0553000627704 /* Components */,
				6CC0F1EA2AE0552300627704 /* Views */,
				6CBCD54B2ADF23A200F431AA /* GoogleService-Info.plist */,
				6CBCD5212ADF231400F431AA /* Debt_CollectorApp.swift */,
				6CBCD5252ADF231600F431AA /* Assets.xcassets */,
				6CBCD5272ADF231600F431AA /* Preview Content */,
			);
			path = "Debt-Collector";
			sourceTree = "<group>";
		};
		6CBCD5272ADF231600F431AA /* Preview Content */ = {
			isa = PBXGroup;
			children = (
				6CBCD5282ADF231600F431AA /* Preview Assets.xcassets */,
			);
			path = "Preview Content";
			sourceTree = "<group>";
		};
		6CC0F1EA2AE0552300627704 /* Views */ = {
			isa = PBXGroup;
			children = (
				C47A3D792B12B9C200E8225A /* MultiSelector.swift */,
				C47A3D772B12B9B400E8225A /* MultiSelectionView.swift */,
				8EC66CB32B01BAD800024520 /* GroupDetail.swift */,
				6CC0F1EB2AE0552300627704 /* ContentView.swift */,
				6CC0F1EC2AE0552300627704 /* SignUpView.swift */,
				6CC0F1ED2AE0552300627704 /* LoginView.swift */,
				6CC0F1FA2AE05A1E00627704 /* LandingView.swift */,
				C4CD80C02AE1B17800A79570 /* FriendsView.swift */,
				C4CD80C22AE1B25300A79570 /* AddExpenseView.swift */,
				C4CD80C42AE1B2AB00A79570 /* ChartsView.swift */,
				C4CD80C62AE1B2EB00A79570 /* GroupsView.swift */,
				C4CD80C82AE1B32700A79570 /* SettingView.swift */,
				8ED068B92AF8538600991071 /* NewGroupView.swift */,
				C44F23352AF96F5A00BC0976 /* ProfileView.swift */,
				C4522BB12B124C1900C4CE6B /* NewGroupMemberView.swift */,
			);
			path = Views;
			sourceTree = "<group>";
		};
		6CC0F1F12AE0553000627704 /* Components */ = {
			isa = PBXGroup;
			children = (
				6CC0F1F22AE0553000627704 /* InputView.swift */,
				8EADEEBB2AE6D0A40030E888 /* CustomGoogleSignInButton.swift */,
				8EB589F72AE88118005F112B /* SecureInputView.swift */,
			);
			path = Components;
			sourceTree = "<group>";
		};
		6CC0F1F42AE0567A00627704 /* ViewModel */ = {
			isa = PBXGroup;
			children = (
				6CC0F1F72AE056B900627704 /* AuthViewModel.swift */,
				C4BCA6552B13A236003D4F42 /* UserViewModel.swift */,
				C4960F242B15389E00002155 /* GroupViewModel.swift */,
				C4960F262B15399C00002155 /* ExpenseViewModel.swift */,
			);
			path = ViewModel;
			sourceTree = "<group>";
		};
		8E9F60172AE62D7D0063227A /* Shared */ = {
			isa = PBXGroup;
			children = (
				8E9F60182AE62DA40063227A /* SwiftUIShared.swift */,
				8EADFD9E2AF96FD800996F29 /* CurrenciesHelper.swift */,
			);
			path = Shared;
			sourceTree = "<group>";
		};
		8EAD53C22AF685BF00B63851 /* Firestore */ = {
			isa = PBXGroup;
			children = (
				C47A3D7B2B12B9FF00E8225A /* ExpenseManager.swift */,
				8EAD53C32AF6865900B63851 /* GroupManager.swift */,
				8EAD53C52AF68E1100B63851 /* UserManager.swift */,
			);
			path = Firestore;
			sourceTree = "<group>";
		};
		8EB2BB742AEC2E1600E8A18B /* Models */ = {
			isa = PBXGroup;
			children = (
				1450FE1C2AE2EC76009BE3EC /* UserModel.swift */,
				1450FE1E2AE2EC91009BE3EC /* GroupModel.swift */,
				5FD5BBB92AFD5A0B00B8C76F /* ExpenseModel.swift */,
				5FD5BBBB2AFEE7DE00B8C76F /* FriendshipModel.swift */,
				C4960F282B1539EB00002155 /* GroupMember.swift */,
			);
			path = Models;
			sourceTree = "<group>";
		};
/* End PBXGroup section */

/* Begin PBXNativeTarget section */
		6CBCD51D2ADF231400F431AA /* Debt-Collector */ = {
			isa = PBXNativeTarget;
			buildConfigurationList = 6CBCD5422ADF231600F431AA /* Build configuration list for PBXNativeTarget "Debt-Collector" */;
			buildPhases = (
				6CBCD51A2ADF231400F431AA /* Sources */,
				6CBCD51B2ADF231400F431AA /* Frameworks */,
				6CBCD51C2ADF231400F431AA /* Resources */,
			);
			buildRules = (
			);
			dependencies = (
			);
			name = "Debt-Collector";
			packageProductDependencies = (
				6CC0F1FC2AE05AB100627704 /* FirebaseAnalytics */,
				6CC0F1FE2AE05AB100627704 /* FirebaseAnalyticsOnDeviceConversion */,
				6CC0F2002AE05AB100627704 /* FirebaseAnalyticsSwift */,
				6CC0F2022AE05AB100627704 /* FirebaseAnalyticsWithoutAdIdSupport */,
				6CC0F2042AE05AB100627704 /* FirebaseAppCheck */,
				6CC0F2062AE05C2C00627704 /* FirebaseAuth */,
				6CC0F2082AE05C2C00627704 /* FirebaseFirestore */,
				6CC0F20A2AE05C9D00627704 /* FirebaseFirestoreSwift */,
				8EAFD8702AE4E2C50031564A /* GoogleSignIn */,
				8EAFD8722AE4E2C50031564A /* GoogleSignInSwift */,
				5FD5BBB72AFD59A900B8C76F /* SwiftUICharts */,
			);
			productName = "Debt-Collector";
			productReference = 6CBCD51E2ADF231400F431AA /* Debt-Collector.app */;
			productType = "com.apple.product-type.application";
		};
/* End PBXNativeTarget section */

/* Begin PBXProject section */
		6CBCD5162ADF231400F431AA /* Project object */ = {
			isa = PBXProject;
			attributes = {
				BuildIndependentTargetsInParallel = 1;
				LastSwiftUpdateCheck = 1500;
				LastUpgradeCheck = 1500;
				TargetAttributes = {
					6CBCD51D2ADF231400F431AA = {
						CreatedOnToolsVersion = 15.0;
					};
				};
			};
			buildConfigurationList = 6CBCD5192ADF231400F431AA /* Build configuration list for PBXProject "Debt-Collector" */;
			compatibilityVersion = "Xcode 14.0";
			developmentRegion = en;
			hasScannedForEncodings = 0;
			knownRegions = (
				en,
				Base,
			);
			mainGroup = 6CBCD5152ADF231400F431AA;
			packageReferences = (
				6CC0F1F92AE0597900627704 /* XCRemoteSwiftPackageReference "firebase-ios-sdk" */,
				8EAFD86F2AE4E2C50031564A /* XCRemoteSwiftPackageReference "GoogleSignIn-iOS" */,
				5FD5BBB62AFD59A900B8C76F /* XCRemoteSwiftPackageReference "ChartView" */,
			);
			productRefGroup = 6CBCD51F2ADF231400F431AA /* Products */;
			projectDirPath = "";
			projectRoot = "";
			targets = (
				6CBCD51D2ADF231400F431AA /* Debt-Collector */,
			);
		};
/* End PBXProject section */

/* Begin PBXResourcesBuildPhase section */
		6CBCD51C2ADF231400F431AA /* Resources */ = {
			isa = PBXResourcesBuildPhase;
			buildActionMask = 2147483647;
			files = (
				6CBCD5292ADF231600F431AA /* Preview Assets.xcassets in Resources */,
				6CBCD5262ADF231600F431AA /* Assets.xcassets in Resources */,
				6CBCD54C2ADF23A200F431AA /* GoogleService-Info.plist in Resources */,
			);
			runOnlyForDeploymentPostprocessing = 0;
		};
/* End PBXResourcesBuildPhase section */

/* Begin PBXSourcesBuildPhase section */
		6CBCD51A2ADF231400F431AA /* Sources */ = {
			isa = PBXSourcesBuildPhase;
			buildActionMask = 2147483647;
			files = (
				C4CD80C32AE1B25300A79570 /* AddExpenseView.swift in Sources */,
				1450FE1D2AE2EC76009BE3EC /* UserModel.swift in Sources */,
				C47A3D7A2B12B9C200E8225A /* MultiSelector.swift in Sources */,
				8EAD53C62AF68E1100B63851 /* UserManager.swift in Sources */,
				6CC0F1EE2AE0552300627704 /* ContentView.swift in Sources */,
				C4CD80C72AE1B2EB00A79570 /* GroupsView.swift in Sources */,
				C4BCA6562B13A236003D4F42 /* UserViewModel.swift in Sources */,
				C4522BB22B124C1900C4CE6B /* NewGroupMemberView.swift in Sources */,
				5FD5BBBC2AFEE7DE00B8C76F /* FriendshipModel.swift in Sources */,
				6CC0F1EF2AE0552300627704 /* SignUpView.swift in Sources */,
				8EADEEBC2AE6D0A40030E888 /* CustomGoogleSignInButton.swift in Sources */,
				C4960F292B1539EB00002155 /* GroupMember.swift in Sources */,
				8EC66CB42B01BAD800024520 /* GroupDetail.swift in Sources */,
				C4CD80C12AE1B17800A79570 /* FriendsView.swift in Sources */,
				6CC0F1FB2AE05A1E00627704 /* LandingView.swift in Sources */,
				6CC0F1F82AE056B900627704 /* AuthViewModel.swift in Sources */,
				6CC0F1F32AE0553000627704 /* InputView.swift in Sources */,
				C4CD80C52AE1B2AC00A79570 /* ChartsView.swift in Sources */,
				C47A3D7C2B12B9FF00E8225A /* ExpenseManager.swift in Sources */,
				8EAD53C42AF6865900B63851 /* GroupManager.swift in Sources */,
				1450FE1F2AE2EC91009BE3EC /* GroupModel.swift in Sources */,
				8E9F60192AE62DA40063227A /* SwiftUIShared.swift in Sources */,
				C4960F272B15399C00002155 /* ExpenseViewModel.swift in Sources */,
				8ED068BA2AF8538600991071 /* NewGroupView.swift in Sources */,
				5FD5BBBA2AFD5A0B00B8C76F /* ExpenseModel.swift in Sources */,
				C4CD80C92AE1B32700A79570 /* SettingView.swift in Sources */,
				8EADFD9F2AF96FD800996F29 /* CurrenciesHelper.swift in Sources */,
				8EB589F82AE88118005F112B /* SecureInputView.swift in Sources */,
				6CC0F1F02AE0552300627704 /* LoginView.swift in Sources */,
				C4960F252B15389E00002155 /* GroupViewModel.swift in Sources */,
				C47A3D782B12B9B400E8225A /* MultiSelectionView.swift in Sources */,
				C44F23362AF96F5A00BC0976 /* ProfileView.swift in Sources */,
				6CBCD5222ADF231400F431AA /* Debt_CollectorApp.swift in Sources */,
			);
			runOnlyForDeploymentPostprocessing = 0;
		};
/* End PBXSourcesBuildPhase section */

/* Begin XCBuildConfiguration section */
		6CBCD5402ADF231600F431AA /* Debug */ = {
			isa = XCBuildConfiguration;
			buildSettings = {
				ALWAYS_SEARCH_USER_PATHS = NO;
				ASSETCATALOG_COMPILER_GENERATE_SWIFT_ASSET_SYMBOL_EXTENSIONS = YES;
				CLANG_ANALYZER_NONNULL = YES;
				CLANG_ANALYZER_NUMBER_OBJECT_CONVERSION = YES_AGGRESSIVE;
				CLANG_CXX_LANGUAGE_STANDARD = "gnu++20";
				CLANG_ENABLE_MODULES = YES;
				CLANG_ENABLE_OBJC_ARC = YES;
				CLANG_ENABLE_OBJC_WEAK = YES;
				CLANG_WARN_BLOCK_CAPTURE_AUTORELEASING = YES;
				CLANG_WARN_BOOL_CONVERSION = YES;
				CLANG_WARN_COMMA = YES;
				CLANG_WARN_CONSTANT_CONVERSION = YES;
				CLANG_WARN_DEPRECATED_OBJC_IMPLEMENTATIONS = YES;
				CLANG_WARN_DIRECT_OBJC_ISA_USAGE = YES_ERROR;
				CLANG_WARN_DOCUMENTATION_COMMENTS = YES;
				CLANG_WARN_EMPTY_BODY = YES;
				CLANG_WARN_ENUM_CONVERSION = YES;
				CLANG_WARN_INFINITE_RECURSION = YES;
				CLANG_WARN_INT_CONVERSION = YES;
				CLANG_WARN_NON_LITERAL_NULL_CONVERSION = YES;
				CLANG_WARN_OBJC_IMPLICIT_RETAIN_SELF = YES;
				CLANG_WARN_OBJC_LITERAL_CONVERSION = YES;
				CLANG_WARN_OBJC_ROOT_CLASS = YES_ERROR;
				CLANG_WARN_QUOTED_INCLUDE_IN_FRAMEWORK_HEADER = YES;
				CLANG_WARN_RANGE_LOOP_ANALYSIS = YES;
				CLANG_WARN_STRICT_PROTOTYPES = YES;
				CLANG_WARN_SUSPICIOUS_MOVE = YES;
				CLANG_WARN_UNGUARDED_AVAILABILITY = YES_AGGRESSIVE;
				CLANG_WARN_UNREACHABLE_CODE = YES;
				CLANG_WARN__DUPLICATE_METHOD_MATCH = YES;
				COPY_PHASE_STRIP = NO;
				DEBUG_INFORMATION_FORMAT = dwarf;
				ENABLE_STRICT_OBJC_MSGSEND = YES;
				ENABLE_TESTABILITY = YES;
				ENABLE_USER_SCRIPT_SANDBOXING = YES;
				GCC_C_LANGUAGE_STANDARD = gnu17;
				GCC_DYNAMIC_NO_PIC = NO;
				GCC_NO_COMMON_BLOCKS = YES;
				GCC_OPTIMIZATION_LEVEL = 0;
				GCC_PREPROCESSOR_DEFINITIONS = (
					"DEBUG=1",
					"$(inherited)",
				);
				GCC_WARN_64_TO_32_BIT_CONVERSION = YES;
				GCC_WARN_ABOUT_RETURN_TYPE = YES_ERROR;
				GCC_WARN_UNDECLARED_SELECTOR = YES;
				GCC_WARN_UNINITIALIZED_AUTOS = YES_AGGRESSIVE;
				GCC_WARN_UNUSED_FUNCTION = YES;
				GCC_WARN_UNUSED_VARIABLE = YES;
				IPHONEOS_DEPLOYMENT_TARGET = 16.6;
				LOCALIZATION_PREFERS_STRING_CATALOGS = YES;
				MTL_ENABLE_DEBUG_INFO = INCLUDE_SOURCE;
				MTL_FAST_MATH = YES;
				ONLY_ACTIVE_ARCH = YES;
				SDKROOT = iphoneos;
				SWIFT_ACTIVE_COMPILATION_CONDITIONS = "DEBUG $(inherited)";
				SWIFT_OPTIMIZATION_LEVEL = "-Onone";
			};
			name = Debug;
		};
		6CBCD5412ADF231600F431AA /* Release */ = {
			isa = XCBuildConfiguration;
			buildSettings = {
				ALWAYS_SEARCH_USER_PATHS = NO;
				ASSETCATALOG_COMPILER_GENERATE_SWIFT_ASSET_SYMBOL_EXTENSIONS = YES;
				CLANG_ANALYZER_NONNULL = YES;
				CLANG_ANALYZER_NUMBER_OBJECT_CONVERSION = YES_AGGRESSIVE;
				CLANG_CXX_LANGUAGE_STANDARD = "gnu++20";
				CLANG_ENABLE_MODULES = YES;
				CLANG_ENABLE_OBJC_ARC = YES;
				CLANG_ENABLE_OBJC_WEAK = YES;
				CLANG_WARN_BLOCK_CAPTURE_AUTORELEASING = YES;
				CLANG_WARN_BOOL_CONVERSION = YES;
				CLANG_WARN_COMMA = YES;
				CLANG_WARN_CONSTANT_CONVERSION = YES;
				CLANG_WARN_DEPRECATED_OBJC_IMPLEMENTATIONS = YES;
				CLANG_WARN_DIRECT_OBJC_ISA_USAGE = YES_ERROR;
				CLANG_WARN_DOCUMENTATION_COMMENTS = YES;
				CLANG_WARN_EMPTY_BODY = YES;
				CLANG_WARN_ENUM_CONVERSION = YES;
				CLANG_WARN_INFINITE_RECURSION = YES;
				CLANG_WARN_INT_CONVERSION = YES;
				CLANG_WARN_NON_LITERAL_NULL_CONVERSION = YES;
				CLANG_WARN_OBJC_IMPLICIT_RETAIN_SELF = YES;
				CLANG_WARN_OBJC_LITERAL_CONVERSION = YES;
				CLANG_WARN_OBJC_ROOT_CLASS = YES_ERROR;
				CLANG_WARN_QUOTED_INCLUDE_IN_FRAMEWORK_HEADER = YES;
				CLANG_WARN_RANGE_LOOP_ANALYSIS = YES;
				CLANG_WARN_STRICT_PROTOTYPES = YES;
				CLANG_WARN_SUSPICIOUS_MOVE = YES;
				CLANG_WARN_UNGUARDED_AVAILABILITY = YES_AGGRESSIVE;
				CLANG_WARN_UNREACHABLE_CODE = YES;
				CLANG_WARN__DUPLICATE_METHOD_MATCH = YES;
				COPY_PHASE_STRIP = NO;
				DEBUG_INFORMATION_FORMAT = "dwarf-with-dsym";
				ENABLE_NS_ASSERTIONS = NO;
				ENABLE_STRICT_OBJC_MSGSEND = YES;
				ENABLE_USER_SCRIPT_SANDBOXING = YES;
				GCC_C_LANGUAGE_STANDARD = gnu17;
				GCC_NO_COMMON_BLOCKS = YES;
				GCC_WARN_64_TO_32_BIT_CONVERSION = YES;
				GCC_WARN_ABOUT_RETURN_TYPE = YES_ERROR;
				GCC_WARN_UNDECLARED_SELECTOR = YES;
				GCC_WARN_UNINITIALIZED_AUTOS = YES_AGGRESSIVE;
				GCC_WARN_UNUSED_FUNCTION = YES;
				GCC_WARN_UNUSED_VARIABLE = YES;
				IPHONEOS_DEPLOYMENT_TARGET = 16.6;
				LOCALIZATION_PREFERS_STRING_CATALOGS = YES;
				MTL_ENABLE_DEBUG_INFO = NO;
				MTL_FAST_MATH = YES;
				SDKROOT = iphoneos;
				SWIFT_COMPILATION_MODE = wholemodule;
				VALIDATE_PRODUCT = YES;
			};
			name = Release;
		};
		6CBCD5432ADF231600F431AA /* Debug */ = {
			isa = XCBuildConfiguration;
			buildSettings = {
				ASSETCATALOG_COMPILER_APPICON_NAME = AppIcon;
				ASSETCATALOG_COMPILER_GLOBAL_ACCENT_COLOR_NAME = AccentColor;
				CODE_SIGN_IDENTITY = "Apple Development";
				CODE_SIGN_STYLE = Automatic;
				CURRENT_PROJECT_VERSION = 1;
				DEVELOPMENT_ASSET_PATHS = "\"Debt-Collector/Preview Content\"";
				DEVELOPMENT_TEAM = "";
				ENABLE_PREVIEWS = YES;
				GENERATE_INFOPLIST_FILE = YES;
				INFOPLIST_FILE = "Debt-Collector/Info.plist";
				INFOPLIST_KEY_UIApplicationSceneManifest_Generation = YES;
				INFOPLIST_KEY_UIApplicationSupportsIndirectInputEvents = YES;
				INFOPLIST_KEY_UILaunchScreen_Generation = YES;
				INFOPLIST_KEY_UISupportedInterfaceOrientations_iPad = "UIInterfaceOrientationPortrait UIInterfaceOrientationPortraitUpsideDown UIInterfaceOrientationLandscapeLeft UIInterfaceOrientationLandscapeRight";
				INFOPLIST_KEY_UISupportedInterfaceOrientations_iPhone = "UIInterfaceOrientationPortrait UIInterfaceOrientationLandscapeLeft UIInterfaceOrientationLandscapeRight";
				IPHONEOS_DEPLOYMENT_TARGET = 16.4;
				LD_RUNPATH_SEARCH_PATHS = (
					"$(inherited)",
					"@executable_path/Frameworks",
				);
				MARKETING_VERSION = 1.0;
				PRODUCT_BUNDLE_IDENTIFIER = "com.app-dev.Debt-Collector";
				PRODUCT_NAME = "$(TARGET_NAME)";
				PROVISIONING_PROFILE_SPECIFIER = "";
				SWIFT_EMIT_LOC_STRINGS = YES;
				SWIFT_VERSION = 5.0;
				TARGETED_DEVICE_FAMILY = "1,2";
			};
			name = Debug;
		};
		6CBCD5442ADF231600F431AA /* Release */ = {
			isa = XCBuildConfiguration;
			buildSettings = {
				ASSETCATALOG_COMPILER_APPICON_NAME = AppIcon;
				ASSETCATALOG_COMPILER_GLOBAL_ACCENT_COLOR_NAME = AccentColor;
				CODE_SIGN_IDENTITY = "Apple Development";
				CODE_SIGN_STYLE = Automatic;
				CURRENT_PROJECT_VERSION = 1;
				DEVELOPMENT_ASSET_PATHS = "\"Debt-Collector/Preview Content\"";
				DEVELOPMENT_TEAM = "";
				ENABLE_PREVIEWS = YES;
				GENERATE_INFOPLIST_FILE = YES;
				INFOPLIST_FILE = "Debt-Collector/Info.plist";
				INFOPLIST_KEY_UIApplicationSceneManifest_Generation = YES;
				INFOPLIST_KEY_UIApplicationSupportsIndirectInputEvents = YES;
				INFOPLIST_KEY_UILaunchScreen_Generation = YES;
				INFOPLIST_KEY_UISupportedInterfaceOrientations_iPad = "UIInterfaceOrientationPortrait UIInterfaceOrientationPortraitUpsideDown UIInterfaceOrientationLandscapeLeft UIInterfaceOrientationLandscapeRight";
				INFOPLIST_KEY_UISupportedInterfaceOrientations_iPhone = "UIInterfaceOrientationPortrait UIInterfaceOrientationLandscapeLeft UIInterfaceOrientationLandscapeRight";
				IPHONEOS_DEPLOYMENT_TARGET = 16.4;
				LD_RUNPATH_SEARCH_PATHS = (
					"$(inherited)",
					"@executable_path/Frameworks",
				);
				MARKETING_VERSION = 1.0;
				PRODUCT_BUNDLE_IDENTIFIER = "com.app-dev.Debt-Collector";
				PRODUCT_NAME = "$(TARGET_NAME)";
				PROVISIONING_PROFILE_SPECIFIER = "";
				SWIFT_EMIT_LOC_STRINGS = YES;
				SWIFT_VERSION = 5.0;
				TARGETED_DEVICE_FAMILY = "1,2";
			};
			name = Release;
		};
/* End XCBuildConfiguration section */

/* Begin XCConfigurationList section */
		6CBCD5192ADF231400F431AA /* Build configuration list for PBXProject "Debt-Collector" */ = {
			isa = XCConfigurationList;
			buildConfigurations = (
				6CBCD5402ADF231600F431AA /* Debug */,
				6CBCD5412ADF231600F431AA /* Release */,
			);
			defaultConfigurationIsVisible = 0;
			defaultConfigurationName = Release;
		};
		6CBCD5422ADF231600F431AA /* Build configuration list for PBXNativeTarget "Debt-Collector" */ = {
			isa = XCConfigurationList;
			buildConfigurations = (
				6CBCD5432ADF231600F431AA /* Debug */,
				6CBCD5442ADF231600F431AA /* Release */,
			);
			defaultConfigurationIsVisible = 0;
			defaultConfigurationName = Release;
		};
/* End XCConfigurationList section */

/* Begin XCRemoteSwiftPackageReference section */
		5FD5BBB62AFD59A900B8C76F /* XCRemoteSwiftPackageReference "ChartView" */ = {
			isa = XCRemoteSwiftPackageReference;
			repositoryURL = "https://github.com/AppPear/ChartView";
			requirement = {
				kind = upToNextMajorVersion;
				minimumVersion = 1.5.5;
			};
		};
		6CC0F1F92AE0597900627704 /* XCRemoteSwiftPackageReference "firebase-ios-sdk" */ = {
			isa = XCRemoteSwiftPackageReference;
			repositoryURL = "https://github.com/firebase/firebase-ios-sdk";
			requirement = {
				kind = upToNextMajorVersion;
				minimumVersion = 10.16.0;
			};
		};
		8EAFD86F2AE4E2C50031564A /* XCRemoteSwiftPackageReference "GoogleSignIn-iOS" */ = {
			isa = XCRemoteSwiftPackageReference;
			repositoryURL = "https://github.com/google/GoogleSignIn-iOS.git";
			requirement = {
				kind = upToNextMajorVersion;
				minimumVersion = 7.0.0;
			};
		};
/* End XCRemoteSwiftPackageReference section */

/* Begin XCSwiftPackageProductDependency section */
		5FD5BBB72AFD59A900B8C76F /* SwiftUICharts */ = {
			isa = XCSwiftPackageProductDependency;
			package = 5FD5BBB62AFD59A900B8C76F /* XCRemoteSwiftPackageReference "ChartView" */;
			productName = SwiftUICharts;
		};
		6CC0F1FC2AE05AB100627704 /* FirebaseAnalytics */ = {
			isa = XCSwiftPackageProductDependency;
			package = 6CC0F1F92AE0597900627704 /* XCRemoteSwiftPackageReference "firebase-ios-sdk" */;
			productName = FirebaseAnalytics;
		};
		6CC0F1FE2AE05AB100627704 /* FirebaseAnalyticsOnDeviceConversion */ = {
			isa = XCSwiftPackageProductDependency;
			package = 6CC0F1F92AE0597900627704 /* XCRemoteSwiftPackageReference "firebase-ios-sdk" */;
			productName = FirebaseAnalyticsOnDeviceConversion;
		};
		6CC0F2002AE05AB100627704 /* FirebaseAnalyticsSwift */ = {
			isa = XCSwiftPackageProductDependency;
			package = 6CC0F1F92AE0597900627704 /* XCRemoteSwiftPackageReference "firebase-ios-sdk" */;
			productName = FirebaseAnalyticsSwift;
		};
		6CC0F2022AE05AB100627704 /* FirebaseAnalyticsWithoutAdIdSupport */ = {
			isa = XCSwiftPackageProductDependency;
			package = 6CC0F1F92AE0597900627704 /* XCRemoteSwiftPackageReference "firebase-ios-sdk" */;
			productName = FirebaseAnalyticsWithoutAdIdSupport;
		};
		6CC0F2042AE05AB100627704 /* FirebaseAppCheck */ = {
			isa = XCSwiftPackageProductDependency;
			package = 6CC0F1F92AE0597900627704 /* XCRemoteSwiftPackageReference "firebase-ios-sdk" */;
			productName = FirebaseAppCheck;
		};
		6CC0F2062AE05C2C00627704 /* FirebaseAuth */ = {
			isa = XCSwiftPackageProductDependency;
			package = 6CC0F1F92AE0597900627704 /* XCRemoteSwiftPackageReference "firebase-ios-sdk" */;
			productName = FirebaseAuth;
		};
		6CC0F2082AE05C2C00627704 /* FirebaseFirestore */ = {
			isa = XCSwiftPackageProductDependency;
			package = 6CC0F1F92AE0597900627704 /* XCRemoteSwiftPackageReference "firebase-ios-sdk" */;
			productName = FirebaseFirestore;
		};
		6CC0F20A2AE05C9D00627704 /* FirebaseFirestoreSwift */ = {
			isa = XCSwiftPackageProductDependency;
			package = 6CC0F1F92AE0597900627704 /* XCRemoteSwiftPackageReference "firebase-ios-sdk" */;
			productName = FirebaseFirestoreSwift;
		};
		8EAFD8702AE4E2C50031564A /* GoogleSignIn */ = {
			isa = XCSwiftPackageProductDependency;
			package = 8EAFD86F2AE4E2C50031564A /* XCRemoteSwiftPackageReference "GoogleSignIn-iOS" */;
			productName = GoogleSignIn;
		};
		8EAFD8722AE4E2C50031564A /* GoogleSignInSwift */ = {
			isa = XCSwiftPackageProductDependency;
			package = 8EAFD86F2AE4E2C50031564A /* XCRemoteSwiftPackageReference "GoogleSignIn-iOS" */;
			productName = GoogleSignInSwift;
		};
/* End XCSwiftPackageProductDependency section */
	};
	rootObject = 6CBCD5162ADF231400F431AA /* Project object */;
}
